<?xml version="1.0" encoding="utf-8"?>
<Project ToolsVersion="4.0" xmlns="http://schemas.microsoft.com/developer/msbuild/2003">
  <ItemGroup>
    <Filter Include="Common">
      <UniqueIdentifier>{8EEA3EAC-7A8C-6982-6347-7DD64F88F0D2}</UniqueIdentifier>
    </Filter>
    <Filter Include="Core">
      <UniqueIdentifier>{2EB4837C-1AEB-840D-C3D7-6A10AFED000F}</UniqueIdentifier>
    </Filter>
    <Filter Include="Object">
      <UniqueIdentifier>{DCCA4FC7-C86C-7A9D-B127-8EF19D6801EE}</UniqueIdentifier>
    </Filter>
    <Filter Include="Object\Components">
      <UniqueIdentifier>{71AEEEAD-DDC4-EC43-263C-78659291BDCB}</UniqueIdentifier>
    </Filter>
    <Filter Include="Scene">
      <UniqueIdentifier>{B3F7140E-1F0C-3DBF-E88D-E01E546139F0}</UniqueIdentifier>
    </Filter>
    <Filter Include="Scripting">
      <UniqueIdentifier>{985A7358-04C5-27CF-4D03-D974B9AC0524}</UniqueIdentifier>
    </Filter>
    <Filter Include="Scripting\Context">
      <UniqueIdentifier>{2CED9895-9803-972B-E17A-224D4DD067B3}</UniqueIdentifier>
    </Filter>
    <Filter Include="Scripting\Nodes">
      <UniqueIdentifier>{606E07C4-CCF9-7488-D50A-F87C4115D188}</UniqueIdentifier>
    </Filter>
    <Filter Include="Shader">
      <UniqueIdentifier>{FC0C0CD1-E8AE-36A7-D169-4AFBBDAABDF7}</UniqueIdentifier>
    </Filter>
  </ItemGroup>
  <ItemGroup>
    <ClInclude Include="..\Source\Game\source\Common\ReflectionHelper.h">
      <Filter>Common</Filter>
    </ClInclude>
    <ClInclude Include="..\Source\Game\source\Core\MainDrawer.h">
      <Filter>Core</Filter>
    </ClInclude>
    <ClInclude Include="..\Source\Game\source\Core\MainSingleton.h">
      <Filter>Core</Filter>
    </ClInclude>
    <ClInclude Include="..\Source\Game\source\GameWorld.h" />
    <ClInclude Include="..\Source\Game\source\Object\Component.h">
      <Filter>Object</Filter>
    </ClInclude>
    <ClInclude Include="..\Source\Game\source\Object\Components\RenderComponent.h">
      <Filter>Object\Components</Filter>
    </ClInclude>
    <ClInclude Include="..\Source\Game\source\Object\GameObject.h">
      <Filter>Object</Filter>
    </ClInclude>
    <ClInclude Include="..\Source\Game\source\Object\I_AllComponents.h">
      <Filter>Object</Filter>
    </ClInclude>
    <ClInclude Include="..\Source\Game\source\Scene\Scene.h">
      <Filter>Scene</Filter>
    </ClInclude>
    <ClInclude Include="..\Source\Game\source\Scripting\Context\ScriptUpdateContext.h">
      <Filter>Scripting\Context</Filter>
    </ClInclude>
    <ClInclude Include="..\Source\Game\source\Scripting\Nodes\BufferNodes.h">
      <Filter>Scripting\Nodes</Filter>
    </ClInclude>
    <ClInclude Include="..\Source\Game\source\Scripting\Nodes\CommonNodes.h">
      <Filter>Scripting\Nodes</Filter>
    </ClInclude>
    <ClInclude Include="..\Source\Game\source\Scripting\Nodes\DebugNodes.h">
      <Filter>Scripting\Nodes</Filter>
    </ClInclude>
    <ClInclude Include="..\Source\Game\source\Scripting\Nodes\MathNodes.h">
      <Filter>Scripting\Nodes</Filter>
    </ClInclude>
    <ClInclude Include="..\Source\Game\source\Scripting\Nodes\ScriptNodeBase.h">
      <Filter>Scripting\Nodes</Filter>
    </ClInclude>
    <ClInclude Include="..\Source\Game\source\Scripting\Nodes\ShaderOutputNodes.h">
      <Filter>Scripting\Nodes</Filter>
    </ClInclude>
    <ClInclude Include="..\Source\Game\source\Scripting\Script.h">
      <Filter>Scripting</Filter>
    </ClInclude>
    <ClInclude Include="..\Source\Game\source\Scripting\ScriptCommon.h">
      <Filter>Scripting</Filter>
    </ClInclude>
    <ClInclude Include="..\Source\Game\source\Scripting\ScriptCreationContext.h">
      <Filter>Scripting</Filter>
    </ClInclude>
    <ClInclude Include="..\Source\Game\source\Scripting\ScriptExecutionContext.h">
      <Filter>Scripting</Filter>
    </ClInclude>
    <ClInclude Include="..\Source\Game\source\Scripting\ScriptJson.h">
      <Filter>Scripting</Filter>
    </ClInclude>
    <ClInclude Include="..\Source\Game\source\Scripting\ScriptManager.h">
      <Filter>Scripting</Filter>
    </ClInclude>
    <ClInclude Include="..\Source\Game\source\Scripting\ScriptNodeTypeRegistry.h">
      <Filter>Scripting</Filter>
    </ClInclude>
    <ClInclude Include="..\Source\Game\source\Scripting\ScriptRuntimeInstance.h">
      <Filter>Scripting</Filter>
    </ClInclude>
    <ClInclude Include="..\Source\Game\source\Scripting\ScriptStringRegistry.h">
      <Filter>Scripting</Filter>
    </ClInclude>
    <ClInclude Include="..\Source\Game\source\Shader\DXShader.h">
      <Filter>Shader</Filter>
    </ClInclude>
    <ClInclude Include="..\Source\Game\source\Shader\ShaderCompileCommon.h">
      <Filter>Shader</Filter>
    </ClInclude>
    <ClInclude Include="..\Source\Game\source\Shader\ShaderCompiler.h">
      <Filter>Shader</Filter>
    </ClInclude>
    <ClInclude Include="..\Source\Game\source\Shader\ShaderManager.h">
      <Filter>Shader</Filter>
    </ClInclude>
  </ItemGroup>
  <ItemGroup>
    <ClCompile Include="..\Source\Game\source\Core\MainDrawer.cpp">
      <Filter>Core</Filter>
    </ClCompile>
    <ClCompile Include="..\Source\Game\source\Core\MainSingleton.cpp">
      <Filter>Core</Filter>
    </ClCompile>
    <ClCompile Include="..\Source\Game\source\GameWorld.cpp" />
    <ClCompile Include="..\Source\Game\source\Object\Component.cpp">
      <Filter>Object</Filter>
    </ClCompile>
    <ClCompile Include="..\Source\Game\source\Object\Components\RenderComponent.cpp">
      <Filter>Object\Components</Filter>
    </ClCompile>
    <ClCompile Include="..\Source\Game\source\Object\GameObject.cpp">
      <Filter>Object</Filter>
    </ClCompile>
    <ClCompile Include="..\Source\Game\source\Scene\Scene.cpp">
      <Filter>Scene</Filter>
    </ClCompile>
    <ClCompile Include="..\Source\Game\source\Scripting\Nodes\BufferNodes.cpp">
      <Filter>Scripting\Nodes</Filter>
    </ClCompile>
    <ClCompile Include="..\Source\Game\source\Scripting\Nodes\CommonNodes.cpp">
      <Filter>Scripting\Nodes</Filter>
    </ClCompile>
    <ClCompile Include="..\Source\Game\source\Scripting\Nodes\DebugNodes.cpp">
      <Filter>Scripting\Nodes</Filter>
    </ClCompile>
    <ClCompile Include="..\Source\Game\source\Scripting\Nodes\MathNodes.cpp">
      <Filter>Scripting\Nodes</Filter>
    </ClCompile>
    <ClCompile Include="..\Source\Game\source\Scripting\Nodes\ShaderOutputNodes.cpp">
      <Filter>Scripting\Nodes</Filter>
    </ClCompile>
    <ClCompile Include="..\Source\Game\source\Scripting\Script.cpp">
      <Filter>Scripting</Filter>
    </ClCompile>
    <ClCompile Include="..\Source\Game\source\Scripting\ScriptCommon.cpp">
      <Filter>Scripting</Filter>
    </ClCompile>
    <ClCompile Include="..\Source\Game\source\Scripting\ScriptCreationContext.cpp">
      <Filter>Scripting</Filter>
    </ClCompile>
    <ClCompile Include="..\Source\Game\source\Scripting\ScriptExecutionContext.cpp">
      <Filter>Scripting</Filter>
    </ClCompile>
    <ClCompile Include="..\Source\Game\source\Scripting\ScriptManager.cpp">
      <Filter>Scripting</Filter>
    </ClCompile>
    <ClCompile Include="..\Source\Game\source\Scripting\ScriptNodeTypeRegistry.cpp">
      <Filter>Scripting</Filter>
    </ClCompile>
    <ClCompile Include="..\Source\Game\source\Scripting\ScriptRuntimeInstance.cpp">
      <Filter>Scripting</Filter>
    </ClCompile>
    <ClCompile Include="..\Source\Game\source\Scripting\ScriptStringRegistry.cpp">
      <Filter>Scripting</Filter>
    </ClCompile>
    <ClCompile Include="..\Source\Game\source\Shader\ShaderCompiler.cpp">
      <Filter>Shader</Filter>
    </ClCompile>
    <ClCompile Include="..\Source\Game\source\Shader\ShaderManager.cpp">
      <Filter>Shader</Filter>
    </ClCompile>
  </ItemGroup>
</Project>